
Microsoft Visual Studio Solution File, Format Version 12.00
# Visual Studio Version 17
VisualStudioVersion = 17.13.35913.81
MinimumVisualStudioVersion = 10.0.40219.1
Project("{FAE04EC0-301F-11D3-BF4B-00C04F79EFBC}") = "LPAC---Proyecto-II-frontend", "LPAC---Proyecto-II-frontend.csproj", "{BADF176D-EC02-4C88-9757-27A56A22C7A8}"
EndProject
Global
	GlobalSection(SolutionConfigurationPlatforms) = preSolution
		Debug|Any CPU = Debug|Any CPU
		Release|Any CPU = Release|Any CPU
	EndGlobalSection
	GlobalSection(ProjectConfigurationPlatforms) = postSolution
		{BADF176D-EC02-4C88-9757-27A56A22C7A8}.Debug|Any CPU.ActiveCfg = Debug|Any CPU
		{BADF176D-EC02-4C88-9757-27A56A22C7A8}.Debug|Any CPU.Build.0 = Debug|Any CPU
		{BADF176D-EC02-4C88-9757-27A56A22C7A8}.Release|Any CPU.ActiveCfg = Release|Any CPU
		{BADF176D-EC02-4C88-9757-27A56A22C7A8}.Release|Any CPU.Build.0 = Release|Any CPU
	EndGlobalSection
	GlobalSection(SolutionProperties) = preSolution
		HideSolutionNode = FALSE
	EndGlobalSection
	GlobalSection(ExtensibilityGlobals) = postSolution
		SolutionGuid = {08DA007A-985F-43CE-9B62-CE5446E21F6C}
	EndGlobalSection
EndGlobal
